
Microsoft Visual Studio Solution File, Format Version 12.00
# Visual Studio Version 16
VisualStudioVersion = 16.0.31321.278
MinimumVisualStudioVersion = 10.0.40219.1
Project("{9092AA53-FB77-4645-B42D-1CCCA6BD08BD}") = "RoutePlanning4", "RoutePlanning4\RoutePlanning4.njsproj", "{3D36B35D-15C6-4F77-A5DA-6E009F726164}"
EndProject
Global
	GlobalSection(SolutionConfigurationPlatforms) = preSolution
		Debug|Any CPU = Debug|Any CPU
		Release|Any CPU = Release|Any CPU
	EndGlobalSection
	GlobalSection(ProjectConfigurationPlatforms) = postSolution
		{3D36B35D-15C6-4F77-A5DA-6E009F726164}.Debug|Any CPU.ActiveCfg = Debug|Any CPU
		{3D36B35D-15C6-4F77-A5DA-6E009F726164}.Debug|Any CPU.Build.0 = Debug|Any CPU
		{3D36B35D-15C6-4F77-A5DA-6E009F726164}.Release|Any CPU.ActiveCfg = Release|Any CPU
		{3D36B35D-15C6-4F77-A5DA-6E009F726164}.Release|Any CPU.Build.0 = Release|Any CPU
	EndGlobalSection
	GlobalSection(SolutionProperties) = preSolution
		HideSolutionNode = FALSE
	EndGlobalSection
	GlobalSection(ExtensibilityGlobals) = postSolution
		SolutionGuid = {DBEB37BA-F733-4FBE-97B4-3BDAE9A21195}
	EndGlobalSection
EndGlobal
